
Microsoft Visual Studio Solution File, Format Version 12.00
# Visual Studio Version 17
VisualStudioVersion = 17.2.32616.157
MinimumVisualStudioVersion = 10.0.40219.1
Project("{FAE04EC0-301F-11D3-BF4B-00C04F79EFBC}") = "Temperature Protector", "Temperature Protector\Temperature Protector.csproj", "{E8B5F976-D0ED-4376-A3B2-C1964160A545}"
EndProject
Global
	GlobalSection(SolutionConfigurationPlatforms) = preSolution
		Debug|Any CPU = Debug|Any CPU
		Release|Any CPU = Release|Any CPU
	EndGlobalSection
	GlobalSection(ProjectConfigurationPlatforms) = postSolution
		{E8B5F976-D0ED-4376-A3B2-C1964160A545}.Debug|Any CPU.ActiveCfg = Debug|Any CPU
		{E8B5F976-D0ED-4376-A3B2-C1964160A545}.Debug|Any CPU.Build.0 = Debug|Any CPU
		{E8B5F976-D0ED-4376-A3B2-C1964160A545}.Release|Any CPU.ActiveCfg = Release|Any CPU
		{E8B5F976-D0ED-4376-A3B2-C1964160A545}.Release|Any CPU.Build.0 = Release|Any CPU
	EndGlobalSection
	GlobalSection(SolutionProperties) = preSolution
		HideSolutionNode = FALSE
	EndGlobalSection
	GlobalSection(ExtensibilityGlobals) = postSolution
		SolutionGuid = {F3E91F7D-969B-4F01-B6E4-C12ED0690A7D}
	EndGlobalSection
EndGlobal
